
Microsoft Visual Studio Solution File, Format Version 12.00
# Visual Studio Version 17
VisualStudioVersion = 17.1.32228.430
MinimumVisualStudioVersion = 10.0.40219.1
Project("{FAE04EC0-301F-11D3-BF4B-00C04F79EFBC}") = "VitNX3", "VitNX3.csproj", "{36B28D22-8D49-4B2E-BBC9-E909D9CC7115}"
EndProject
Global
	GlobalSection(SolutionConfigurationPlatforms) = preSolution
		Debug|Any CPU = Debug|Any CPU
		Release|Any CPU = Release|Any CPU
	EndGlobalSection
	GlobalSection(ProjectConfigurationPlatforms) = postSolution
		{36B28D22-8D49-4B2E-BBC9-E909D9CC7115}.Debug|Any CPU.ActiveCfg = Debug|Any CPU
		{36B28D22-8D49-4B2E-BBC9-E909D9CC7115}.Debug|Any CPU.Build.0 = Debug|Any CPU
		{36B28D22-8D49-4B2E-BBC9-E909D9CC7115}.Release|Any CPU.ActiveCfg = Release|Any CPU
		{36B28D22-8D49-4B2E-BBC9-E909D9CC7115}.Release|Any CPU.Build.0 = Release|Any CPU
	EndGlobalSection
	GlobalSection(SolutionProperties) = preSolution
		HideSolutionNode = FALSE
	EndGlobalSection
	GlobalSection(ExtensibilityGlobals) = postSolution
		SolutionGuid = {BCE27446-3EAF-4652-8BA4-8105B46508B4}
	EndGlobalSection
EndGlobal
